{
  "requires": true,
  "lockfileVersion": 1,
  "dependencies": {
    "sweetalert2": {
      "version": "11.0.17",
      "resolved": "https://registry.npmjs.org/sweetalert2/-/sweetalert2-11.0.17.tgz",
      "integrity": "sha512-oaCGCNjMU648bDg5+/mdStfFNG9sYEejeEZQY8JpAakUM0pLflB3neNyArAZGcWNUQX1y/jOeRdzcNE05Una4A=="
    }
  }
}
